// !$*UTF8*$!
{
	archiveVersion = 1;
	classes = {
	};
	objectVersion = 46;
	objects = {

/* Begin PBXBuildFile section */
		68F9A2FB15132D05008730B1 /* UIKit.framework in Frameworks */ = {isa = PBXBuildFile; fileRef = 68F9A2FA15132D05008730B1 /* UIKit.framework */; };
		68F9A2FD15132D05008730B1 /* Foundation.framework in Frameworks */ = {isa = PBXBuildFile; fileRef = 68F9A2FC15132D05008730B1 /* Foundation.framework */; };
		68F9A2FF15132D05008730B1 /* CoreGraphics.framework in Frameworks */ = {isa = PBXBuildFile; fileRef = 68F9A2FE15132D05008730B1 /* CoreGraphics.framework */; };
		68F9A30515132D05008730B1 /* InfoPlist.strings in Resources */ = {isa = PBXBuildFile; fileRef = 68F9A30315132D05008730B1 /* InfoPlist.strings */; };
		68F9A30715132D05008730B1 /* main.m in Sources */ = {isa = PBXBuildFile; fileRef = 68F9A30615132D05008730B1 /* main.m */; };
		68F9A30B15132D05008730B1 /* AppDelegate.m in Sources */ = {isa = PBXBuildFile; fileRef = 68F9A30A15132D05008730B1 /* AppDelegate.m */; };
		68F9A30E15132D05008730B1 /* MainStoryboard.storyboard in Resources */ = {isa = PBXBuildFile; fileRef = 68F9A30C15132D05008730B1 /* MainStoryboard.storyboard */; };
		68F9A31115132D05008730B1 /* ViewController.m in Sources */ = {isa = PBXBuildFile; fileRef = 68F9A31015132D05008730B1 /* ViewController.m */; };
		68F9A31915132D05008730B1 /* SenTestingKit.framework in Frameworks */ = {isa = PBXBuildFile; fileRef = 68F9A31815132D05008730B1 /* SenTestingKit.framework */; };
		68F9A31A15132D05008730B1 /* UIKit.framework in Frameworks */ = {isa = PBXBuildFile; fileRef = 68F9A2FA15132D05008730B1 /* UIKit.framework */; };
		68F9A31B15132D05008730B1 /* Foundation.framework in Frameworks */ = {isa = PBXBuildFile; fileRef = 68F9A2FC15132D05008730B1 /* Foundation.framework */; };
		68F9A32315132D05008730B1 /* InfoPlist.strings in Resources */ = {isa = PBXBuildFile; fileRef = 68F9A32115132D05008730B1 /* InfoPlist.strings */; };
		68F9A32615132D05008730B1 /* testTests.m in Sources */ = {isa = PBXBuildFile; fileRef = 68F9A32515132D05008730B1 /* testTests.m */; };
/* End PBXBuildFile section */

/* Begin PBXContainerItemProxy section */
		68F9A31C15132D05008730B1 /* PBXContainerItemProxy */ = {
			isa = PBXContainerItemProxy;
			containerPortal = 68F9A2ED15132D04008730B1 /* Project object */;
			proxyType = 1;
			remoteGlobalIDString = 68F9A2F515132D05008730B1;
			remoteInfo = test;
		};
/* End PBXContainerItemProxy section */

/* Begin PBXFileReference section */
		68F9A2F615132D05008730B1 /* test.app */ = {isa = PBXFileReference; explicitFileType = wrapper.application; includeInIndex = 0; path = test.app; sourceTree = BUILT_PRODUCTS_DIR; };
		68F9A2FA15132D05008730B1 /* UIKit.framework */ = {isa = PBXFileReference; lastKnownFileType = wrapper.framework; name = UIKit.framework; path = System/Library/Frameworks/UIKit.framework; sourceTree = SDKROOT; };
		68F9A2FC15132D05008730B1 /* Foundation.framework */ = {isa = PBXFileReference; lastKnownFileType = wrapper.framework; name = Foundation.framework; path = System/Library/Frameworks/Foundation.framework; sourceTree = SDKROOT; };
		68F9A2FE15132D05008730B1 /* CoreGraphics.framework */ = {isa = PBXFileReference; lastKnownFileType = wrapper.framework; name = CoreGraphics.framework; path = System/Library/Frameworks/CoreGraphics.framework; sourceTree = SDKROOT; };
		68F9A30215132D05008730B1 /* test-Info.plist */ = {isa = PBXFileReference; lastKnownFileType = text.plist.xml; path = "test-Info.plist"; sourceTree = "<group>"; };
		68F9A30415132D05008730B1 /* en */ = {isa = PBXFileReference; lastKnownFileType = text.plist.strings; name = en; path = en.lproj/InfoPlist.strings; sourceTree = "<group>"; };
		68F9A30615132D05008730B1 /* main.m */ = {isa = PBXFileReference; lastKnownFileType = sourcecode.c.objc; path = main.m; sourceTree = "<group>"; };
		68F9A30815132D05008730B1 /* test-Prefix.pch */ = {isa = PBXFileReference; lastKnownFileType = sourcecode.c.h; path = "test-Prefix.pch"; sourceTree = "<group>"; };
		68F9A30915132D05008730B1 /* AppDelegate.h */ = {isa = PBXFileReference; lastKnownFileType = sourcecode.c.h; path = AppDelegate.h; sourceTree = "<group>"; };
		68F9A30A15132D05008730B1 /* AppDelegate.m */ = {isa = PBXFileReference; lastKnownFileType = sourcecode.c.objc; path = AppDelegate.m; sourceTree = "<group>"; };
		68F9A30D15132D05008730B1 /* en */ = {isa = PBXFileReference; lastKnownFileType = file.storyboard; name = en; path = en.lproj/MainStoryboard.storyboard; sourceTree = "<group>"; };
		68F9A30F15132D05008730B1 /* ViewController.h */ = {isa = PBXFileReference; lastKnownFileType = sourcecode.c.h; path = ViewController.h; sourceTree = "<group>"; };
		68F9A31015132D05008730B1 /* ViewController.m */ = {isa = PBXFileReference; lastKnownFileType = sourcecode.c.objc; path = ViewController.m; sourceTree = "<group>"; };
		68F9A31715132D05008730B1 /* testTests.octest */ = {isa = PBXFileReference; explicitFileType = wrapper.cfbundle; includeInIndex = 0; path = testTests.octest; sourceTree = BUILT_PRODUCTS_DIR; };
		68F9A31815132D05008730B1 /* SenTestingKit.framework */ = {isa = PBXFileReference; lastKnownFileType = wrapper.framework; name = SenTestingKit.framework; path = Library/Frameworks/SenTestingKit.framework; sourceTree = DEVELOPER_DIR; };
		68F9A32015132D05008730B1 /* testTests-Info.plist */ = {isa = PBXFileReference; lastKnownFileType = text.plist.xml; path = "testTests-Info.plist"; sourceTree = "<group>"; };
		68F9A32215132D05008730B1 /* en */ = {isa = PBXFileReference; lastKnownFileType = text.plist.strings; name = en; path = en.lproj/InfoPlist.strings; sourceTree = "<group>"; };
		68F9A32415132D05008730B1 /* testTests.h */ = {isa = PBXFileReference; lastKnownFileType = sourcecode.c.h; path = testTests.h; sourceTree = "<group>"; };
		68F9A32515132D05008730B1 /* testTests.m */ = {isa = PBXFileReference; lastKnownFileType = sourcecode.c.objc; path = testTests.m; sourceTree = "<group>"; };
/* End PBXFileReference section */

/* Begin PBXFrameworksBuildPhase section */
		68F9A2F315132D05008730B1 /* Frameworks */ = {
			isa = PBXFrameworksBuildPhase;
			buildActionMask = 2147483647;
			files = (
				68F9A2FB15132D05008730B1 /* UIKit.framework in Frameworks */,
				68F9A2FD15132D05008730B1 /* Foundation.framework in Frameworks */,
				68F9A2FF15132D05008730B1 /* CoreGraphics.framework in Frameworks */,
			);
			runOnlyForDeploymentPostprocessing = 0;
		};
		68F9A31315132D05008730B1 /* Frameworks */ = {
			isa = PBXFrameworksBuildPhase;
			buildActionMask = 2147483647;
			files = (
				68F9A31915132D05008730B1 /* SenTestingKit.framework in Frameworks */,
				68F9A31A15132D05008730B1 /* UIKit.framework in Frameworks */,
				68F9A31B15132D05008730B1 /* Foundation.framework in Frameworks */,
			);
			runOnlyForDeploymentPostprocessing = 0;
		};
/* End PBXFrameworksBuildPhase section */

/* Begin PBXGroup section */
		68F9A2EB15132D04008730B1 = {
			isa = PBXGroup;
			children = (
				68F9A30015132D05008730B1 /* test */,
				68F9A31E15132D05008730B1 /* testTests */,
				68F9A2F915132D05008730B1 /* Frameworks */,
				68F9A2F715132D05008730B1 /* Products */,
			);
			sourceTree = "<group>";
		};
		68F9A2F715132D05008730B1 /* Products */ = {
			isa = PBXGroup;
			children = (
				68F9A2F615132D05008730B1 /* test.app */,
				68F9A31715132D05008730B1 /* testTests.octest */,
			);
			name = Products;
			sourceTree = "<group>";
		};
		68F9A2F915132D05008730B1 /* Frameworks */ = {
			isa = PBXGroup;
			children = (
				68F9A2FA15132D05008730B1 /* UIKit.framework */,
				68F9A2FC15132D05008730B1 /* Foundation.framework */,
				68F9A2FE15132D05008730B1 /* CoreGraphics.framework */,
				68F9A31815132D05008730B1 /* SenTestingKit.framework */,
			);
			name = Frameworks;
			sourceTree = "<group>";
		};
		68F9A30015132D05008730B1 /* test */ = {
			isa = PBXGroup;
			children = (
				68F9A30915132D05008730B1 /* AppDelegate.h */,
				68F9A30A15132D05008730B1 /* AppDelegate.m */,
				68F9A30C15132D05008730B1 /* MainStoryboard.storyboard */,
				68F9A30F15132D05008730B1 /* ViewController.h */,
				68F9A31015132D05008730B1 /* ViewController.m */,
				68F9A30115132D05008730B1 /* Supporting Files */,
			);
			path = test;
			sourceTree = "<group>";
		};
		68F9A30115132D05008730B1 /* Supporting Files */ = {
			isa = PBXGroup;
			children = (
				68F9A30215132D05008730B1 /* test-Info.plist */,
				68F9A30315132D05008730B1 /* InfoPlist.strings */,
				68F9A30615132D05008730B1 /* main.m */,
				68F9A30815132D05008730B1 /* test-Prefix.pch */,
			);
			name = "Supporting Files";
			sourceTree = "<group>";
		};
		68F9A31E15132D05008730B1 /* testTests */ = {
			isa = PBXGroup;
			children = (
				68F9A32415132D05008730B1 /* testTests.h */,
				68F9A32515132D05008730B1 /* testTests.m */,
				68F9A31F15132D05008730B1 /* Supporting Files */,
			);
			path = testTests;
			sourceTree = "<group>";
		};
		68F9A31F15132D05008730B1 /* Supporting Files */ = {
			isa = PBXGroup;
			children = (
				68F9A32015132D05008730B1 /* testTests-Info.plist */,
				68F9A32115132D05008730B1 /* InfoPlist.strings */,
			);
			name = "Supporting Files";
			sourceTree = "<group>";
		};
/* End PBXGroup section */

/* Begin PBXNativeTarget section */
		68F9A2F515132D05008730B1 /* test */ = {
			isa = PBXNativeTarget;
			buildConfigurationList = 68F9A32915132D05008730B1 /* Build configuration list for PBXNativeTarget "test" */;
			buildPhases = (
				68F9A2F215132D05008730B1 /* Sources */,
				68F9A2F315132D05008730B1 /* Frameworks */,
				68F9A2F415132D05008730B1 /* Resources */,
			);
			buildRules = (
			);
			dependencies = (
			);
			name = test;
			productName = test;
			productReference = 68F9A2F615132D05008730B1 /* test.app */;
			productType = "com.apple.product-type.application";
		};
		68F9A31615132D05008730B1 /* testTests */ = {
			isa = PBXNativeTarget;
			buildConfigurationList = 68F9A32C15132D05008730B1 /* Build configuration list for PBXNativeTarget "testTests" */;
			buildPhases = (
				68F9A31215132D05008730B1 /* Sources */,
				68F9A31315132D05008730B1 /* Frameworks */,
				68F9A31415132D05008730B1 /* Resources */,
				68F9A31515132D05008730B1 /* ShellScript */,
			);
			buildRules = (
			);
			dependencies = (
				68F9A31D15132D05008730B1 /* PBXTargetDependency */,
			);
			name = testTests;
			productName = testTests;
			productReference = 68F9A31715132D05008730B1 /* testTests.octest */;
			productType = "com.apple.product-type.bundle";
		};
/* End PBXNativeTarget section */

/* Begin PBXProject section */
		68F9A2ED15132D04008730B1 /* Project object */ = {
			isa = PBXProject;
			attributes = {
				LastUpgradeCheck = 0430;
				ORGANIZATIONNAME = "首正";
			};
			buildConfigurationList = 68F9A2F015132D04008730B1 /* Build configuration list for PBXProject "test" */;
			compatibilityVersion = "Xcode 3.2";
			developmentRegion = English;
			hasScannedForEncodings = 0;
			knownRegions = (
				en,
			);
			mainGroup = 68F9A2EB15132D04008730B1;
			productRefGroup = 68F9A2F715132D05008730B1 /* Products */;
			projectDirPath = "";
			projectRoot = "";
			targets = (
				68F9A2F515132D05008730B1 /* test */,
				68F9A31615132D05008730B1 /* testTests */,
			);
		};
/* End PBXProject section */

/* Begin PBXResourcesBuildPhase section */
		68F9A2F415132D05008730B1 /* Resources */ = {
			isa = PBXResourcesBuildPhase;
			buildActionMask = 2147483647;
			files = (
				68F9A30515132D05008730B1 /* InfoPlist.strings in Resources */,
				68F9A30E15132D05008730B1 /* MainStoryboard.storyboard in Resources */,
			);
			runOnlyForDeploymentPostprocessing = 0;
		};
		68F9A31415132D05008730B1 /* Resources */ = {
			isa = PBXResourcesBuildPhase;
			buildActionMask = 2147483647;
			files = (
				68F9A32315132D05008730B1 /* InfoPlist.strings in Resources */,
			);
			runOnlyForDeploymentPostprocessing = 0;
		};
/* End PBXResourcesBuildPhase section */

/* Begin PBXShellScriptBuildPhase section */
		68F9A31515132D05008730B1 /* ShellScript */ = {
			isa = PBXShellScriptBuildPhase;
			buildActionMask = 2147483647;
			files = (
			);
			inputPaths = (
			);
			outputPaths = (
			);
			runOnlyForDeploymentPostprocessing = 0;
			shellPath = /bin/sh;
			shellScript = "# Run the unit tests in this test bundle.\n\"${SYSTEM_DEVELOPER_DIR}/Tools/RunUnitTests\"\n";
		};
/* End PBXShellScriptBuildPhase section */

/* Begin PBXSourcesBuildPhase section */
		68F9A2F215132D05008730B1 /* Sources */ = {
			isa = PBXSourcesBuildPhase;
			buildActionMask = 2147483647;
			files = (
				68F9A30715132D05008730B1 /* main.m in Sources */,
				68F9A30B15132D05008730B1 /* AppDelegate.m in Sources */,
				68F9A31115132D05008730B1 /* ViewController.m in Sources */,
			);
			runOnlyForDeploymentPostprocessing = 0;
		};
		68F9A31215132D05008730B1 /* Sources */ = {
			isa = PBXSourcesBuildPhase;
			buildActionMask = 2147483647;
			files = (
				68F9A32615132D05008730B1 /* testTests.m in Sources */,
			);
			runOnlyForDeploymentPostprocessing = 0;
		};
/* End PBXSourcesBuildPhase section */

/* Begin PBXTargetDependency section */
		68F9A31D15132D05008730B1 /* PBXTargetDependency */ = {
			isa = PBXTargetDependency;
			target = 68F9A2F515132D05008730B1 /* test */;
			targetProxy = 68F9A31C15132D05008730B1 /* PBXContainerItemProxy */;
		};
/* End PBXTargetDependency section */

/* Begin PBXVariantGroup section */
		68F9A30315132D05008730B1 /* InfoPlist.strings */ = {
			isa = PBXVariantGroup;
			children = (
				68F9A30415132D05008730B1 /* en */,
			);
			name = InfoPlist.strings;
			sourceTree = "<group>";
		};
		68F9A30C15132D05008730B1 /* MainStoryboard.storyboard */ = {
			isa = PBXVariantGroup;
			children = (
				68F9A30D15132D05008730B1 /* en */,
			);
			name = MainStoryboard.storyboard;
			sourceTree = "<group>";
		};
		68F9A32115132D05008730B1 /* InfoPlist.strings */ = {
			isa = PBXVariantGroup;
			children = (
				68F9A32215132D05008730B1 /* en */,
			);
			name = InfoPlist.strings;
			sourceTree = "<group>";
		};
/* End PBXVariantGroup section */

/* Begin XCBuildConfiguration section */
		68F9A32715132D05008730B1 /* Debug */ = {
			isa = XCBuildConfiguration;
			buildSettings = {
				ALWAYS_SEARCH_USER_PATHS = NO;
				ARCHS = "$(ARCHS_STANDARD_32_BIT)";
				CLANG_ENABLE_OBJC_ARC = YES;
				"CODE_SIGN_IDENTITY[sdk=iphoneos*]" = "iPhone Developer";
				COPY_PHASE_STRIP = NO;
				GCC_C_LANGUAGE_STANDARD = gnu99;
				GCC_DYNAMIC_NO_PIC = NO;
				GCC_OPTIMIZATION_LEVEL = 0;
				GCC_PREPROCESSOR_DEFINITIONS = (
					"DEBUG=1",
					"$(inherited)",
				);
				GCC_SYMBOLS_PRIVATE_EXTERN = NO;
				GCC_VERSION = com.apple.compilers.llvm.clang.1_0;
				GCC_WARN_ABOUT_RETURN_TYPE = YES;
				GCC_WARN_UNINITIALIZED_AUTOS = YES;
				GCC_WARN_UNUSED_VARIABLE = YES;
				IPHONEOS_DEPLOYMENT_TARGET = 5.1;
				SDKROOT = iphoneos;
			};
			name = Debug;
		};
		68F9A32815132D05008730B1 /* Release */ = {
			isa = XCBuildConfiguration;
			buildSettings = {
				ALWAYS_SEARCH_USER_PATHS = NO;
				ARCHS = "$(ARCHS_STANDARD_32_BIT)";
				CLANG_ENABLE_OBJC_ARC = YES;
				"CODE_SIGN_IDENTITY[sdk=iphoneos*]" = "iPhone Developer";
				COPY_PHASE_STRIP = YES;
				GCC_C_LANGUAGE_STANDARD = gnu99;
				GCC_VERSION = com.apple.compilers.llvm.clang.1_0;
				GCC_WARN_ABOUT_RETURN_TYPE = YES;
				GCC_WARN_UNINITIALIZED_AUTOS = YES;
				GCC_WARN_UNUSED_VARIABLE = YES;
				IPHONEOS_DEPLOYMENT_TARGET = 5.1;
				OTHER_CFLAGS = "-DNS_BLOCK_ASSERTIONS=1";
				SDKROOT = iphoneos;
				VALIDATE_PRODUCT = YES;
			};
			name = Release;
		};
		68F9A32A15132D05008730B1 /* Debug */ = {
			isa = XCBuildConfiguration;
			buildSettings = {
				GCC_PRECOMPILE_PREFIX_HEADER = YES;
				GCC_PREFIX_HEADER = "test/test-Prefix.pch";
				INFOPLIST_FILE = "test/test-Info.plist";
				PRODUCT_NAME = "$(TARGET_NAME)";
				WRAPPER_EXTENSION = app;
			};
			name = Debug;
		};
		68F9A32B15132D05008730B1 /* Release */ = {
			isa = XCBuildConfiguration;
			buildSettings = {
				GCC_PRECOMPILE_PREFIX_HEADER = YES;
				GCC_PREFIX_HEADER = "test/test-Prefix.pch";
				INFOPLIST_FILE = "test/test-Info.plist";
				PRODUCT_NAME = "$(TARGET_NAME)";
				WRAPPER_EXTENSION = app;
			};
			name = Release;
		};
		68F9A32D15132D05008730B1 /* Debug */ = {
			isa = XCBuildConfiguration;
			buildSettings = {
				BUNDLE_LOADER = "$(BUILT_PRODUCTS_DIR)/test.app/test";
				FRAMEWORK_SEARCH_PATHS = (
					"$(SDKROOT)/Developer/Library/Frameworks",
					"$(DEVELOPER_LIBRARY_DIR)/Frameworks",
				);
				GCC_PRECOMPILE_PREFIX_HEADER = YES;
				GCC_PREFIX_HEADER = "test/test-Prefix.pch";
				INFOPLIST_FILE = "testTests/testTests-Info.plist";
				PRODUCT_NAME = "$(TARGET_NAME)";
				TEST_HOST = "$(BUNDLE_LOADER)";
				WRAPPER_EXTENSION = octest;
			};
			name = Debug;
		};
		68F9A32E15132D05008730B1 /* Release */ = {
			isa = XCBuildConfiguration;
			buildSettings = {
				BUNDLE_LOADER = "$(BUILT_PRODUCTS_DIR)/test.app/test";
				FRAMEWORK_SEARCH_PATHS = (
					"$(SDKROOT)/Developer/Library/Frameworks",
					"$(DEVELOPER_LIBRARY_DIR)/Frameworks",
				);
				GCC_PRECOMPILE_PREFIX_HEADER = YES;
				GCC_PREFIX_HEADER = "test/test-Prefix.pch";
				INFOPLIST_FILE = "testTests/testTests-Info.plist";
				PRODUCT_NAME = "$(TARGET_NAME)";
				TEST_HOST = "$(BUNDLE_LOADER)";
				WRAPPER_EXTENSION = octest;
			};
			name = Release;
		};
/* End XCBuildConfiguration section */

/* Begin XCConfigurationList section */
		68F9A2F015132D04008730B1 /* Build configuration list for PBXProject "test" */ = {
			isa = XCConfigurationList;
			buildConfigurations = (
				68F9A32715132D05008730B1 /* Debug */,
				68F9A32815132D05008730B1 /* Release */,
			);
			defaultConfigurationIsVisible = 0;
			defaultConfigurationName = Release;
		};
		68F9A32915132D05008730B1 /* Build configuration list for PBXNativeTarget "test" */ = {
			isa = XCConfigurationList;
			buildConfigurations = (
				68F9A32A15132D05008730B1 /* Debug */,
				68F9A32B15132D05008730B1 /* Release */,
			);
			defaultConfigurationIsVisible = 0;
		};
		68F9A32C15132D05008730B1 /* Build configuration list for PBXNativeTarget "testTests" */ = {
			isa = XCConfigurationList;
			buildConfigurations = (
				68F9A32D15132D05008730B1 /* Debug */,
				68F9A32E15132D05008730B1 /* Release */,
			);
			defaultConfigurationIsVisible = 0;
		};
/* End XCConfigurationList section */
	};
	rootObject = 68F9A2ED15132D04008730B1 /* Project object */;
}
